
Microsoft Visual Studio Solution File, Format Version 12.00
# Visual Studio 15
VisualStudioVersion = 15.0.28307.329
MinimumVisualStudioVersion = 10.0.40219.1
Project("{FAE04EC0-301F-11D3-BF4B-00C04F79EFBC}") = "D1a", "D1a\D1a.csproj", "{57193484-FBFD-46DD-BB83-73075C7B63CA}"
EndProject
Project("{FAE04EC0-301F-11D3-BF4B-00C04F79EFBC}") = "D1b", "D1b\D1b.csproj", "{D4D6E24C-4F67-4CD8-B9FF-7E6411298522}"
EndProject
Project("{FAE04EC0-301F-11D3-BF4B-00C04F79EFBC}") = "D2a", "D2a\D2a.csproj", "{937CEA8F-2B6E-4478-8B16-057405BA6BD9}"
EndProject
Project("{FAE04EC0-301F-11D3-BF4B-00C04F79EFBC}") = "D2b", "D2b\D2b.csproj", "{43A0E53C-6E5C-4F80-9500-AF4F76428AFB}"
EndProject
Project("{FAE04EC0-301F-11D3-BF4B-00C04F79EFBC}") = "D3a", "D3a\D3a.csproj", "{E588A80A-A852-479C-B125-52163F02EFF6}"
EndProject
Project("{FAE04EC0-301F-11D3-BF4B-00C04F79EFBC}") = "D3b", "D3b\D3b.csproj", "{69C048BC-005C-422E-9FAB-DFCFE80AEB97}"
EndProject
Project("{FAE04EC0-301F-11D3-BF4B-00C04F79EFBC}") = "D4a", "D4a\D4a.csproj", "{78BBC944-07D5-4085-B575-2BEF1A50261A}"
EndProject
Project("{FAE04EC0-301F-11D3-BF4B-00C04F79EFBC}") = "D4b", "D4b\D4b.csproj", "{DCAD7E95-DA0A-4B80-9D8E-0E887CFAE10B}"
EndProject
Project("{FAE04EC0-301F-11D3-BF4B-00C04F79EFBC}") = "D5a", "D5a\D5a.csproj", "{949509EE-8767-42D6-A995-07CBDDB91C1C}"
EndProject
Project("{FAE04EC0-301F-11D3-BF4B-00C04F79EFBC}") = "D5b", "D5b\D5b.csproj", "{30D59E98-B3EE-482D-A92A-4A5FB3A10476}"
EndProject
Project("{FAE04EC0-301F-11D3-BF4B-00C04F79EFBC}") = "D6a", "D6a\D6a.csproj", "{D49FBF2B-5816-42C5-8CF2-381F68FDE618}"
EndProject
Project("{FAE04EC0-301F-11D3-BF4B-00C04F79EFBC}") = "D6b", "D6b\D6b.csproj", "{10AE53A0-DF6C-49B0-84D1-A0FA1ED77D2E}"
EndProject
Project("{FAE04EC0-301F-11D3-BF4B-00C04F79EFBC}") = "D7a", "D7a\D7a.csproj", "{49F1D009-94FD-4DC0-9C61-76A382AAF55D}"
EndProject
Project("{FAE04EC0-301F-11D3-BF4B-00C04F79EFBC}") = "D7b", "D7b\D7b.csproj", "{3F07DEA5-6B92-4A94-8944-3B2C3F2B1635}"
EndProject
Project("{FAE04EC0-301F-11D3-BF4B-00C04F79EFBC}") = "D8a", "D8a\D8a.csproj", "{D41DC00F-DF54-4F6F-B381-6316E3B4D4FE}"
EndProject
Project("{FAE04EC0-301F-11D3-BF4B-00C04F79EFBC}") = "D8b", "D8b\D8b.csproj", "{27F3E6E3-5F90-4941-86A2-7FBCBC390EF5}"
EndProject
Project("{FAE04EC0-301F-11D3-BF4B-00C04F79EFBC}") = "D9", "D9a\D9.csproj", "{9BB586C5-7D67-48D8-9B0E-35A58EEBF393}"
EndProject
Project("{FAE04EC0-301F-11D3-BF4B-00C04F79EFBC}") = "D10a", "D10a\D10a.csproj", "{4FE22EA6-E099-4023-9578-ACCBB842D8C7}"
EndProject
Project("{FAE04EC0-301F-11D3-BF4B-00C04F79EFBC}") = "D10b", "D10b\D10b.csproj", "{659E2FB2-A1FB-426D-A1A7-D38C8A9E292E}"
EndProject
Project("{FAE04EC0-301F-11D3-BF4B-00C04F79EFBC}") = "D11a", "D11a\D11a.csproj", "{5D7C0507-8145-4807-893E-6CA47F6D22C2}"
EndProject
Project("{FAE04EC0-301F-11D3-BF4B-00C04F79EFBC}") = "D11b", "D11b\D11b.csproj", "{70719878-B002-4F2B-8416-2817BBED7272}"
EndProject
Project("{FAE04EC0-301F-11D3-BF4B-00C04F79EFBC}") = "D12a", "D12a\D12a.csproj", "{376A603F-C69A-432C-A971-8ADAC01E96B1}"
EndProject
Project("{FAE04EC0-301F-11D3-BF4B-00C04F79EFBC}") = "D12b", "D12b\D12b.csproj", "{CF941285-B657-48D1-80BA-15A636791252}"
EndProject
Project("{FAE04EC0-301F-11D3-BF4B-00C04F79EFBC}") = "D13a", "D13a\D13a.csproj", "{97752324-7042-4CEA-B005-67DAC6D3B036}"
EndProject
Project("{FAE04EC0-301F-11D3-BF4B-00C04F79EFBC}") = "D13b", "D13b\D13b.csproj", "{197BAB5D-5EBA-4756-B1F5-112948730B96}"
EndProject
Project("{FAE04EC0-301F-11D3-BF4B-00C04F79EFBC}") = "D14a", "D14a\D14a.csproj", "{E82225F6-494D-44F1-82BB-FBE78F098718}"
EndProject
Project("{FAE04EC0-301F-11D3-BF4B-00C04F79EFBC}") = "D14b", "D14b\D14b.csproj", "{06C9D7A7-3349-4A91-9711-D0F61CAC2AFB}"
EndProject
Project("{FAE04EC0-301F-11D3-BF4B-00C04F79EFBC}") = "D15a", "D15a\D15a.csproj", "{A5119106-B934-4469-A126-FB180B6BCF6B}"
EndProject
Project("{FAE04EC0-301F-11D3-BF4B-00C04F79EFBC}") = "D15b", "D15b\D15b.csproj", "{37485610-2DB1-445E-AFE0-5A4EC0192ABE}"
EndProject
Project("{FAE04EC0-301F-11D3-BF4B-00C04F79EFBC}") = "D16a", "D16a\D16a.csproj", "{54908152-84A0-42A1-89E1-FD447580EB1F}"
EndProject
Project("{FAE04EC0-301F-11D3-BF4B-00C04F79EFBC}") = "D16b", "D16b\D16b.csproj", "{53AFC0F4-248D-4CE1-8E66-13DFD06C909C}"
EndProject
Project("{FAE04EC0-301F-11D3-BF4B-00C04F79EFBC}") = "D17a", "D17a\D17a.csproj", "{D4045FE7-0D66-4F6D-90C2-29FFEAD859F4}"
EndProject
Project("{FAE04EC0-301F-11D3-BF4B-00C04F79EFBC}") = "D17b", "D17b\D17b.csproj", "{A790235C-9F64-4A0E-8783-96C91D853197}"
EndProject
Project("{FAE04EC0-301F-11D3-BF4B-00C04F79EFBC}") = "D18a", "D18a\D18a.csproj", "{590EF133-FF6A-4874-82AC-768CE7A4F7E3}"
EndProject
Project("{FAE04EC0-301F-11D3-BF4B-00C04F79EFBC}") = "D18b", "D18b\D18b.csproj", "{B9759448-075C-4054-A300-55F909609394}"
EndProject
Project("{FAE04EC0-301F-11D3-BF4B-00C04F79EFBC}") = "D19a", "D19a\D19a.csproj", "{C7FD7E18-55F9-49DC-899F-58DAA0EC0934}"
EndProject
Project("{FAE04EC0-301F-11D3-BF4B-00C04F79EFBC}") = "D19b", "D19b\D19b.csproj", "{4675CD59-52B1-4A5A-BB56-DEB6FAED58B8}"
EndProject
Project("{FAE04EC0-301F-11D3-BF4B-00C04F79EFBC}") = "D20a", "D20a\D20a.csproj", "{727B793C-DEA7-4F5D-847E-BF2CBB4ED644}"
EndProject
Project("{FAE04EC0-301F-11D3-BF4B-00C04F79EFBC}") = "D20b", "D20b\D20b.csproj", "{1E7AF69A-F131-4D7F-AD01-444B05F57222}"
EndProject
Project("{FAE04EC0-301F-11D3-BF4B-00C04F79EFBC}") = "D21a", "D21a\D21a.csproj", "{AC2D1AD0-FA78-4ED8-9672-753EF230E3AC}"
EndProject
Project("{FAE04EC0-301F-11D3-BF4B-00C04F79EFBC}") = "D21b", "D21b\D21b.csproj", "{05DEB91C-2230-4628-BCC5-B6CFDD025EB7}"
EndProject
Project("{FAE04EC0-301F-11D3-BF4B-00C04F79EFBC}") = "D22a", "D22a\D22a.csproj", "{81BA2215-9664-4E9D-9959-FD0B9A1CA8A5}"
EndProject
Project("{FAE04EC0-301F-11D3-BF4B-00C04F79EFBC}") = "D22b", "D22b\D22b.csproj", "{9A90F0B9-83F8-41B2-A551-E1031F1F56BB}"
EndProject
Project("{FAE04EC0-301F-11D3-BF4B-00C04F79EFBC}") = "D23a", "D23a\D23a.csproj", "{9865DF83-6685-4F85-8C13-F8F4E8C7FD61}"
EndProject
Project("{FAE04EC0-301F-11D3-BF4B-00C04F79EFBC}") = "D23b", "D23b\D23b.csproj", "{18DCA6BC-6022-4CB8-9FE7-C41530297E8F}"
EndProject
Global
	GlobalSection(SolutionConfigurationPlatforms) = preSolution
		Debug|Any CPU = Debug|Any CPU
		Release|Any CPU = Release|Any CPU
	EndGlobalSection
	GlobalSection(ProjectConfigurationPlatforms) = postSolution
		{57193484-FBFD-46DD-BB83-73075C7B63CA}.Debug|Any CPU.ActiveCfg = Debug|Any CPU
		{57193484-FBFD-46DD-BB83-73075C7B63CA}.Debug|Any CPU.Build.0 = Debug|Any CPU
		{57193484-FBFD-46DD-BB83-73075C7B63CA}.Release|Any CPU.ActiveCfg = Release|Any CPU
		{57193484-FBFD-46DD-BB83-73075C7B63CA}.Release|Any CPU.Build.0 = Release|Any CPU
		{D4D6E24C-4F67-4CD8-B9FF-7E6411298522}.Debug|Any CPU.ActiveCfg = Debug|Any CPU
		{D4D6E24C-4F67-4CD8-B9FF-7E6411298522}.Debug|Any CPU.Build.0 = Debug|Any CPU
		{D4D6E24C-4F67-4CD8-B9FF-7E6411298522}.Release|Any CPU.ActiveCfg = Release|Any CPU
		{D4D6E24C-4F67-4CD8-B9FF-7E6411298522}.Release|Any CPU.Build.0 = Release|Any CPU
		{937CEA8F-2B6E-4478-8B16-057405BA6BD9}.Debug|Any CPU.ActiveCfg = Debug|Any CPU
		{937CEA8F-2B6E-4478-8B16-057405BA6BD9}.Debug|Any CPU.Build.0 = Debug|Any CPU
		{937CEA8F-2B6E-4478-8B16-057405BA6BD9}.Release|Any CPU.ActiveCfg = Release|Any CPU
		{937CEA8F-2B6E-4478-8B16-057405BA6BD9}.Release|Any CPU.Build.0 = Release|Any CPU
		{43A0E53C-6E5C-4F80-9500-AF4F76428AFB}.Debug|Any CPU.ActiveCfg = Debug|Any CPU
		{43A0E53C-6E5C-4F80-9500-AF4F76428AFB}.Debug|Any CPU.Build.0 = Debug|Any CPU
		{43A0E53C-6E5C-4F80-9500-AF4F76428AFB}.Release|Any CPU.ActiveCfg = Release|Any CPU
		{43A0E53C-6E5C-4F80-9500-AF4F76428AFB}.Release|Any CPU.Build.0 = Release|Any CPU
		{E588A80A-A852-479C-B125-52163F02EFF6}.Debug|Any CPU.ActiveCfg = Debug|Any CPU
		{E588A80A-A852-479C-B125-52163F02EFF6}.Debug|Any CPU.Build.0 = Debug|Any CPU
		{E588A80A-A852-479C-B125-52163F02EFF6}.Release|Any CPU.ActiveCfg = Release|Any CPU
		{E588A80A-A852-479C-B125-52163F02EFF6}.Release|Any CPU.Build.0 = Release|Any CPU
		{69C048BC-005C-422E-9FAB-DFCFE80AEB97}.Debug|Any CPU.ActiveCfg = Debug|Any CPU
		{69C048BC-005C-422E-9FAB-DFCFE80AEB97}.Debug|Any CPU.Build.0 = Debug|Any CPU
		{69C048BC-005C-422E-9FAB-DFCFE80AEB97}.Release|Any CPU.ActiveCfg = Release|Any CPU
		{69C048BC-005C-422E-9FAB-DFCFE80AEB97}.Release|Any CPU.Build.0 = Release|Any CPU
		{78BBC944-07D5-4085-B575-2BEF1A50261A}.Debug|Any CPU.ActiveCfg = Debug|Any CPU
		{78BBC944-07D5-4085-B575-2BEF1A50261A}.Debug|Any CPU.Build.0 = Debug|Any CPU
		{78BBC944-07D5-4085-B575-2BEF1A50261A}.Release|Any CPU.ActiveCfg = Release|Any CPU
		{78BBC944-07D5-4085-B575-2BEF1A50261A}.Release|Any CPU.Build.0 = Release|Any CPU
		{DCAD7E95-DA0A-4B80-9D8E-0E887CFAE10B}.Debug|Any CPU.ActiveCfg = Debug|Any CPU
		{DCAD7E95-DA0A-4B80-9D8E-0E887CFAE10B}.Debug|Any CPU.Build.0 = Debug|Any CPU
		{DCAD7E95-DA0A-4B80-9D8E-0E887CFAE10B}.Release|Any CPU.ActiveCfg = Release|Any CPU
		{DCAD7E95-DA0A-4B80-9D8E-0E887CFAE10B}.Release|Any CPU.Build.0 = Release|Any CPU
		{949509EE-8767-42D6-A995-07CBDDB91C1C}.Debug|Any CPU.ActiveCfg = Debug|Any CPU
		{949509EE-8767-42D6-A995-07CBDDB91C1C}.Debug|Any CPU.Build.0 = Debug|Any CPU
		{949509EE-8767-42D6-A995-07CBDDB91C1C}.Release|Any CPU.ActiveCfg = Release|Any CPU
		{949509EE-8767-42D6-A995-07CBDDB91C1C}.Release|Any CPU.Build.0 = Release|Any CPU
		{30D59E98-B3EE-482D-A92A-4A5FB3A10476}.Debug|Any CPU.ActiveCfg = Debug|Any CPU
		{30D59E98-B3EE-482D-A92A-4A5FB3A10476}.Debug|Any CPU.Build.0 = Debug|Any CPU
		{30D59E98-B3EE-482D-A92A-4A5FB3A10476}.Release|Any CPU.ActiveCfg = Release|Any CPU
		{30D59E98-B3EE-482D-A92A-4A5FB3A10476}.Release|Any CPU.Build.0 = Release|Any CPU
		{D49FBF2B-5816-42C5-8CF2-381F68FDE618}.Debug|Any CPU.ActiveCfg = Debug|Any CPU
		{D49FBF2B-5816-42C5-8CF2-381F68FDE618}.Debug|Any CPU.Build.0 = Debug|Any CPU
		{D49FBF2B-5816-42C5-8CF2-381F68FDE618}.Release|Any CPU.ActiveCfg = Release|Any CPU
		{D49FBF2B-5816-42C5-8CF2-381F68FDE618}.Release|Any CPU.Build.0 = Release|Any CPU
		{10AE53A0-DF6C-49B0-84D1-A0FA1ED77D2E}.Debug|Any CPU.ActiveCfg = Debug|Any CPU
		{10AE53A0-DF6C-49B0-84D1-A0FA1ED77D2E}.Debug|Any CPU.Build.0 = Debug|Any CPU
		{10AE53A0-DF6C-49B0-84D1-A0FA1ED77D2E}.Release|Any CPU.ActiveCfg = Release|Any CPU
		{10AE53A0-DF6C-49B0-84D1-A0FA1ED77D2E}.Release|Any CPU.Build.0 = Release|Any CPU
		{49F1D009-94FD-4DC0-9C61-76A382AAF55D}.Debug|Any CPU.ActiveCfg = Debug|Any CPU
		{49F1D009-94FD-4DC0-9C61-76A382AAF55D}.Debug|Any CPU.Build.0 = Debug|Any CPU
		{49F1D009-94FD-4DC0-9C61-76A382AAF55D}.Release|Any CPU.ActiveCfg = Release|Any CPU
		{49F1D009-94FD-4DC0-9C61-76A382AAF55D}.Release|Any CPU.Build.0 = Release|Any CPU
		{3F07DEA5-6B92-4A94-8944-3B2C3F2B1635}.Debug|Any CPU.ActiveCfg = Debug|Any CPU
		{3F07DEA5-6B92-4A94-8944-3B2C3F2B1635}.Debug|Any CPU.Build.0 = Debug|Any CPU
		{3F07DEA5-6B92-4A94-8944-3B2C3F2B1635}.Release|Any CPU.ActiveCfg = Release|Any CPU
		{3F07DEA5-6B92-4A94-8944-3B2C3F2B1635}.Release|Any CPU.Build.0 = Release|Any CPU
		{D41DC00F-DF54-4F6F-B381-6316E3B4D4FE}.Debug|Any CPU.ActiveCfg = Debug|Any CPU
		{D41DC00F-DF54-4F6F-B381-6316E3B4D4FE}.Debug|Any CPU.Build.0 = Debug|Any CPU
		{D41DC00F-DF54-4F6F-B381-6316E3B4D4FE}.Release|Any CPU.ActiveCfg = Release|Any CPU
		{D41DC00F-DF54-4F6F-B381-6316E3B4D4FE}.Release|Any CPU.Build.0 = Release|Any CPU
		{27F3E6E3-5F90-4941-86A2-7FBCBC390EF5}.Debug|Any CPU.ActiveCfg = Debug|Any CPU
		{27F3E6E3-5F90-4941-86A2-7FBCBC390EF5}.Debug|Any CPU.Build.0 = Debug|Any CPU
		{27F3E6E3-5F90-4941-86A2-7FBCBC390EF5}.Release|Any CPU.ActiveCfg = Release|Any CPU
		{27F3E6E3-5F90-4941-86A2-7FBCBC390EF5}.Release|Any CPU.Build.0 = Release|Any CPU
		{9BB586C5-7D67-48D8-9B0E-35A58EEBF393}.Debug|Any CPU.ActiveCfg = Debug|Any CPU
		{9BB586C5-7D67-48D8-9B0E-35A58EEBF393}.Debug|Any CPU.Build.0 = Debug|Any CPU
		{9BB586C5-7D67-48D8-9B0E-35A58EEBF393}.Release|Any CPU.ActiveCfg = Release|Any CPU
		{9BB586C5-7D67-48D8-9B0E-35A58EEBF393}.Release|Any CPU.Build.0 = Release|Any CPU
		{4FE22EA6-E099-4023-9578-ACCBB842D8C7}.Debug|Any CPU.ActiveCfg = Debug|Any CPU
		{4FE22EA6-E099-4023-9578-ACCBB842D8C7}.Debug|Any CPU.Build.0 = Debug|Any CPU
		{4FE22EA6-E099-4023-9578-ACCBB842D8C7}.Release|Any CPU.ActiveCfg = Release|Any CPU
		{4FE22EA6-E099-4023-9578-ACCBB842D8C7}.Release|Any CPU.Build.0 = Release|Any CPU
		{659E2FB2-A1FB-426D-A1A7-D38C8A9E292E}.Debug|Any CPU.ActiveCfg = Debug|Any CPU
		{659E2FB2-A1FB-426D-A1A7-D38C8A9E292E}.Debug|Any CPU.Build.0 = Debug|Any CPU
		{659E2FB2-A1FB-426D-A1A7-D38C8A9E292E}.Release|Any CPU.ActiveCfg = Release|Any CPU
		{659E2FB2-A1FB-426D-A1A7-D38C8A9E292E}.Release|Any CPU.Build.0 = Release|Any CPU
		{5D7C0507-8145-4807-893E-6CA47F6D22C2}.Debug|Any CPU.ActiveCfg = Debug|Any CPU
		{5D7C0507-8145-4807-893E-6CA47F6D22C2}.Debug|Any CPU.Build.0 = Debug|Any CPU
		{5D7C0507-8145-4807-893E-6CA47F6D22C2}.Release|Any CPU.ActiveCfg = Release|Any CPU
		{5D7C0507-8145-4807-893E-6CA47F6D22C2}.Release|Any CPU.Build.0 = Release|Any CPU
		{70719878-B002-4F2B-8416-2817BBED7272}.Debug|Any CPU.ActiveCfg = Debug|Any CPU
		{70719878-B002-4F2B-8416-2817BBED7272}.Debug|Any CPU.Build.0 = Debug|Any CPU
		{70719878-B002-4F2B-8416-2817BBED7272}.Release|Any CPU.ActiveCfg = Release|Any CPU
		{70719878-B002-4F2B-8416-2817BBED7272}.Release|Any CPU.Build.0 = Release|Any CPU
		{376A603F-C69A-432C-A971-8ADAC01E96B1}.Debug|Any CPU.ActiveCfg = Debug|Any CPU
		{376A603F-C69A-432C-A971-8ADAC01E96B1}.Debug|Any CPU.Build.0 = Debug|Any CPU
		{376A603F-C69A-432C-A971-8ADAC01E96B1}.Release|Any CPU.ActiveCfg = Release|Any CPU
		{376A603F-C69A-432C-A971-8ADAC01E96B1}.Release|Any CPU.Build.0 = Release|Any CPU
		{CF941285-B657-48D1-80BA-15A636791252}.Debug|Any CPU.ActiveCfg = Debug|Any CPU
		{CF941285-B657-48D1-80BA-15A636791252}.Debug|Any CPU.Build.0 = Debug|Any CPU
		{CF941285-B657-48D1-80BA-15A636791252}.Release|Any CPU.ActiveCfg = Release|Any CPU
		{CF941285-B657-48D1-80BA-15A636791252}.Release|Any CPU.Build.0 = Release|Any CPU
		{97752324-7042-4CEA-B005-67DAC6D3B036}.Debug|Any CPU.ActiveCfg = Debug|Any CPU
		{97752324-7042-4CEA-B005-67DAC6D3B036}.Debug|Any CPU.Build.0 = Debug|Any CPU
		{97752324-7042-4CEA-B005-67DAC6D3B036}.Release|Any CPU.ActiveCfg = Release|Any CPU
		{97752324-7042-4CEA-B005-67DAC6D3B036}.Release|Any CPU.Build.0 = Release|Any CPU
		{197BAB5D-5EBA-4756-B1F5-112948730B96}.Debug|Any CPU.ActiveCfg = Debug|Any CPU
		{197BAB5D-5EBA-4756-B1F5-112948730B96}.Debug|Any CPU.Build.0 = Debug|Any CPU
		{197BAB5D-5EBA-4756-B1F5-112948730B96}.Release|Any CPU.ActiveCfg = Release|Any CPU
		{197BAB5D-5EBA-4756-B1F5-112948730B96}.Release|Any CPU.Build.0 = Release|Any CPU
		{E82225F6-494D-44F1-82BB-FBE78F098718}.Debug|Any CPU.ActiveCfg = Debug|Any CPU
		{E82225F6-494D-44F1-82BB-FBE78F098718}.Debug|Any CPU.Build.0 = Debug|Any CPU
		{E82225F6-494D-44F1-82BB-FBE78F098718}.Release|Any CPU.ActiveCfg = Release|Any CPU
		{E82225F6-494D-44F1-82BB-FBE78F098718}.Release|Any CPU.Build.0 = Release|Any CPU
		{06C9D7A7-3349-4A91-9711-D0F61CAC2AFB}.Debug|Any CPU.ActiveCfg = Debug|Any CPU
		{06C9D7A7-3349-4A91-9711-D0F61CAC2AFB}.Debug|Any CPU.Build.0 = Debug|Any CPU
		{06C9D7A7-3349-4A91-9711-D0F61CAC2AFB}.Release|Any CPU.ActiveCfg = Release|Any CPU
		{06C9D7A7-3349-4A91-9711-D0F61CAC2AFB}.Release|Any CPU.Build.0 = Release|Any CPU
		{A5119106-B934-4469-A126-FB180B6BCF6B}.Debug|Any CPU.ActiveCfg = Debug|Any CPU
		{A5119106-B934-4469-A126-FB180B6BCF6B}.Debug|Any CPU.Build.0 = Debug|Any CPU
		{A5119106-B934-4469-A126-FB180B6BCF6B}.Release|Any CPU.ActiveCfg = Release|Any CPU
		{A5119106-B934-4469-A126-FB180B6BCF6B}.Release|Any CPU.Build.0 = Release|Any CPU
		{37485610-2DB1-445E-AFE0-5A4EC0192ABE}.Debug|Any CPU.ActiveCfg = Debug|Any CPU
		{37485610-2DB1-445E-AFE0-5A4EC0192ABE}.Debug|Any CPU.Build.0 = Debug|Any CPU
		{37485610-2DB1-445E-AFE0-5A4EC0192ABE}.Release|Any CPU.ActiveCfg = Release|Any CPU
		{37485610-2DB1-445E-AFE0-5A4EC0192ABE}.Release|Any CPU.Build.0 = Release|Any CPU
		{54908152-84A0-42A1-89E1-FD447580EB1F}.Debug|Any CPU.ActiveCfg = Debug|Any CPU
		{54908152-84A0-42A1-89E1-FD447580EB1F}.Debug|Any CPU.Build.0 = Debug|Any CPU
		{54908152-84A0-42A1-89E1-FD447580EB1F}.Release|Any CPU.ActiveCfg = Release|Any CPU
		{54908152-84A0-42A1-89E1-FD447580EB1F}.Release|Any CPU.Build.0 = Release|Any CPU
		{53AFC0F4-248D-4CE1-8E66-13DFD06C909C}.Debug|Any CPU.ActiveCfg = Debug|Any CPU
		{53AFC0F4-248D-4CE1-8E66-13DFD06C909C}.Debug|Any CPU.Build.0 = Debug|Any CPU
		{53AFC0F4-248D-4CE1-8E66-13DFD06C909C}.Release|Any CPU.ActiveCfg = Release|Any CPU
		{53AFC0F4-248D-4CE1-8E66-13DFD06C909C}.Release|Any CPU.Build.0 = Release|Any CPU
		{D4045FE7-0D66-4F6D-90C2-29FFEAD859F4}.Debug|Any CPU.ActiveCfg = Debug|Any CPU
		{D4045FE7-0D66-4F6D-90C2-29FFEAD859F4}.Debug|Any CPU.Build.0 = Debug|Any CPU
		{D4045FE7-0D66-4F6D-90C2-29FFEAD859F4}.Release|Any CPU.ActiveCfg = Release|Any CPU
		{D4045FE7-0D66-4F6D-90C2-29FFEAD859F4}.Release|Any CPU.Build.0 = Release|Any CPU
		{A790235C-9F64-4A0E-8783-96C91D853197}.Debug|Any CPU.ActiveCfg = Debug|Any CPU
		{A790235C-9F64-4A0E-8783-96C91D853197}.Debug|Any CPU.Build.0 = Debug|Any CPU
		{A790235C-9F64-4A0E-8783-96C91D853197}.Release|Any CPU.ActiveCfg = Release|Any CPU
		{A790235C-9F64-4A0E-8783-96C91D853197}.Release|Any CPU.Build.0 = Release|Any CPU
		{590EF133-FF6A-4874-82AC-768CE7A4F7E3}.Debug|Any CPU.ActiveCfg = Debug|Any CPU
		{590EF133-FF6A-4874-82AC-768CE7A4F7E3}.Debug|Any CPU.Build.0 = Debug|Any CPU
		{590EF133-FF6A-4874-82AC-768CE7A4F7E3}.Release|Any CPU.ActiveCfg = Release|Any CPU
		{590EF133-FF6A-4874-82AC-768CE7A4F7E3}.Release|Any CPU.Build.0 = Release|Any CPU
		{B9759448-075C-4054-A300-55F909609394}.Debug|Any CPU.ActiveCfg = Debug|Any CPU
		{B9759448-075C-4054-A300-55F909609394}.Debug|Any CPU.Build.0 = Debug|Any CPU
		{B9759448-075C-4054-A300-55F909609394}.Release|Any CPU.ActiveCfg = Release|Any CPU
		{B9759448-075C-4054-A300-55F909609394}.Release|Any CPU.Build.0 = Release|Any CPU
		{C7FD7E18-55F9-49DC-899F-58DAA0EC0934}.Debug|Any CPU.ActiveCfg = Debug|Any CPU
		{C7FD7E18-55F9-49DC-899F-58DAA0EC0934}.Debug|Any CPU.Build.0 = Debug|Any CPU
		{C7FD7E18-55F9-49DC-899F-58DAA0EC0934}.Release|Any CPU.ActiveCfg = Release|Any CPU
		{C7FD7E18-55F9-49DC-899F-58DAA0EC0934}.Release|Any CPU.Build.0 = Release|Any CPU
		{4675CD59-52B1-4A5A-BB56-DEB6FAED58B8}.Debug|Any CPU.ActiveCfg = Debug|Any CPU
		{4675CD59-52B1-4A5A-BB56-DEB6FAED58B8}.Debug|Any CPU.Build.0 = Debug|Any CPU
		{4675CD59-52B1-4A5A-BB56-DEB6FAED58B8}.Release|Any CPU.ActiveCfg = Release|Any CPU
		{4675CD59-52B1-4A5A-BB56-DEB6FAED58B8}.Release|Any CPU.Build.0 = Release|Any CPU
		{727B793C-DEA7-4F5D-847E-BF2CBB4ED644}.Debug|Any CPU.ActiveCfg = Debug|Any CPU
		{727B793C-DEA7-4F5D-847E-BF2CBB4ED644}.Debug|Any CPU.Build.0 = Debug|Any CPU
		{727B793C-DEA7-4F5D-847E-BF2CBB4ED644}.Release|Any CPU.ActiveCfg = Release|Any CPU
		{727B793C-DEA7-4F5D-847E-BF2CBB4ED644}.Release|Any CPU.Build.0 = Release|Any CPU
		{1E7AF69A-F131-4D7F-AD01-444B05F57222}.Debug|Any CPU.ActiveCfg = Debug|Any CPU
		{1E7AF69A-F131-4D7F-AD01-444B05F57222}.Debug|Any CPU.Build.0 = Debug|Any CPU
		{1E7AF69A-F131-4D7F-AD01-444B05F57222}.Release|Any CPU.ActiveCfg = Release|Any CPU
		{1E7AF69A-F131-4D7F-AD01-444B05F57222}.Release|Any CPU.Build.0 = Release|Any CPU
		{AC2D1AD0-FA78-4ED8-9672-753EF230E3AC}.Debug|Any CPU.ActiveCfg = Debug|Any CPU
		{AC2D1AD0-FA78-4ED8-9672-753EF230E3AC}.Debug|Any CPU.Build.0 = Debug|Any CPU
		{AC2D1AD0-FA78-4ED8-9672-753EF230E3AC}.Release|Any CPU.ActiveCfg = Release|Any CPU
		{AC2D1AD0-FA78-4ED8-9672-753EF230E3AC}.Release|Any CPU.Build.0 = Release|Any CPU
		{05DEB91C-2230-4628-BCC5-B6CFDD025EB7}.Debug|Any CPU.ActiveCfg = Debug|Any CPU
		{05DEB91C-2230-4628-BCC5-B6CFDD025EB7}.Debug|Any CPU.Build.0 = Debug|Any CPU
		{05DEB91C-2230-4628-BCC5-B6CFDD025EB7}.Release|Any CPU.ActiveCfg = Release|Any CPU
		{05DEB91C-2230-4628-BCC5-B6CFDD025EB7}.Release|Any CPU.Build.0 = Release|Any CPU
		{81BA2215-9664-4E9D-9959-FD0B9A1CA8A5}.Debug|Any CPU.ActiveCfg = Debug|Any CPU
		{81BA2215-9664-4E9D-9959-FD0B9A1CA8A5}.Debug|Any CPU.Build.0 = Debug|Any CPU
		{81BA2215-9664-4E9D-9959-FD0B9A1CA8A5}.Release|Any CPU.ActiveCfg = Release|Any CPU
		{81BA2215-9664-4E9D-9959-FD0B9A1CA8A5}.Release|Any CPU.Build.0 = Release|Any CPU
		{9A90F0B9-83F8-41B2-A551-E1031F1F56BB}.Debug|Any CPU.ActiveCfg = Debug|Any CPU
		{9A90F0B9-83F8-41B2-A551-E1031F1F56BB}.Debug|Any CPU.Build.0 = Debug|Any CPU
		{9A90F0B9-83F8-41B2-A551-E1031F1F56BB}.Release|Any CPU.ActiveCfg = Release|Any CPU
		{9A90F0B9-83F8-41B2-A551-E1031F1F56BB}.Release|Any CPU.Build.0 = Release|Any CPU
		{9865DF83-6685-4F85-8C13-F8F4E8C7FD61}.Debug|Any CPU.ActiveCfg = Debug|Any CPU
		{9865DF83-6685-4F85-8C13-F8F4E8C7FD61}.Debug|Any CPU.Build.0 = Debug|Any CPU
		{9865DF83-6685-4F85-8C13-F8F4E8C7FD61}.Release|Any CPU.ActiveCfg = Release|Any CPU
		{9865DF83-6685-4F85-8C13-F8F4E8C7FD61}.Release|Any CPU.Build.0 = Release|Any CPU
		{18DCA6BC-6022-4CB8-9FE7-C41530297E8F}.Debug|Any CPU.ActiveCfg = Debug|Any CPU
		{18DCA6BC-6022-4CB8-9FE7-C41530297E8F}.Debug|Any CPU.Build.0 = Debug|Any CPU
		{18DCA6BC-6022-4CB8-9FE7-C41530297E8F}.Release|Any CPU.ActiveCfg = Release|Any CPU
		{18DCA6BC-6022-4CB8-9FE7-C41530297E8F}.Release|Any CPU.Build.0 = Release|Any CPU
	EndGlobalSection
	GlobalSection(SolutionProperties) = preSolution
		HideSolutionNode = FALSE
	EndGlobalSection
	GlobalSection(ExtensibilityGlobals) = postSolution
		SolutionGuid = {41FC11C3-3AE2-4A39-8A6E-2A3F66D26CAB}
	EndGlobalSection
EndGlobal
